<?xml version="1.0" encoding="utf-8"?>
<Project ToolsVersion="4.0" xmlns="http://schemas.microsoft.com/developer/msbuild/2003">
  <ItemGroup>
    <ApplicationDefinition Include="..\..\..\SharedContent\xaml\App.xaml" />
  </ItemGroup>
  <ItemGroup>
    <Page Include="..\..\..\SharedContent\cpp\MainPage.xaml" />
    <Page Include="..\..\..\SharedContent\xaml\Styles.xaml">
      <Filter>Styles</Filter>
    </Page>
    <Page Include="Scenario1_FindUsers.xaml" />
    <Page Include="Scenario2_WatchUsers.xaml" />
  </ItemGroup>
  <ItemGroup>
    <Midl Include="..\..\..\SharedContent\cppwinrt\App.idl" />
    <Midl Include="..\..\..\SharedContent\cppwinrt\MainPage.idl" />
  </ItemGroup>
  <ItemGroup>
    <ClCompile Include="pch.cpp" />
    <ClCompile Include="..\..\..\SharedContent\cppwinrt\App.cpp" />
    <ClCompile Include="..\..\..\SharedContent\cppwinrt\MainPage.cpp" />
    <ClCompile Include="Generated Files\module.g.cpp">
      <Filter>Generated Files</Filter>
    </ClCompile>
    <ClCompile Include="SampleConfiguration.cpp" />
  </ItemGroup>
  <ItemGroup>
    <ClInclude Include="pch.h" />
    <ClInclude Include="..\..\..\SharedContent\cppwinrt\App.h" />
    <ClInclude Include="..\..\..\SharedContent\cppwinrt\MainPage.h" />
  </ItemGroup>
  <ItemGroup>
    <Image Include="..\..\..\SharedContent\media\microsoft-sdk.png">
      <Filter>Assets</Filter>
    </Image>
    <Image Include="..\..\..\SharedContent\media\smalltile-sdk.png">
      <Filter>Assets</Filter>
    </Image>
    <Image Include="..\..\..\SharedContent\media\splash-sdk.png">
      <Filter>Assets</Filter>
    </Image>
    <Image Include="..\..\..\SharedContent\media\squaretile-sdk.png">
      <Filter>Assets</Filter>
    </Image>
    <Image Include="..\..\..\SharedContent\media\storelogo-sdk.png">
      <Filter>Assets</Filter>
    </Image>
    <Image Include="..\..\..\SharedContent\media\tile-sdk.png">
      <Filter>Assets</Filter>
    </Image>
    <Image Include="..\..\..\SharedContent\media\windows-sdk.png">
      <Filter>Assets</Filter>
    </Image>
  </ItemGroup>
  <ItemGroup>
    <AppxManifest Include="Package.appxmanifest" />
  </ItemGroup>
  <ItemGroup>
    <None Include="UserInfoCppWinRt_TemporaryKey.pfx" />
  </ItemGroup>
  <ItemGroup>
    <Filter Include="Assets">
      <UniqueIdentifier>{e48dc53e-40b1-40cb-970a-f89935452892}</UniqueIdentifier>
    </Filter>
    <Filter Include="Styles">
      <UniqueIdentifier>{b4a49433-d8c4-482a-b465-8b4384fef306}</UniqueIdentifier>
    </Filter>
    <Filter Include="Generated Files">
      <UniqueIdentifier>{54ac0374-6a3f-4be8-af8a-745e33d4c3af}</UniqueIdentifier>
    </Filter>
  </ItemGroup>
  <ItemGroup>
    <Text Include="readme.txt" />
  </ItemGroup>
</Project>