<?xml version="1.0" encoding="utf-8"?>
<Project ToolsVersion="4.0" xmlns="http://schemas.microsoft.com/developer/msbuild/2003">
  <ItemGroup>
    <ApplicationDefinition Include="$(SharedContentDir)\xaml\App.xaml" />
  </ItemGroup>
  <ItemGroup>
    <Page Include="$(SharedContentDir)\xaml\MainPage.xaml" />
    <Page Include="$(SharedContentDir)\xaml\Styles.xaml">
      <Filter>Styles</Filter>
    </Page>
    <Page Include="..\shared\Scenario1_FindUsers.xaml" />
    <Page Include="..\shared\Scenario2_WatchUsers.xaml" />
  </ItemGroup>
  <ItemGroup>
    <Midl Include="$(SharedContentDir)\cppwinrt\MainPage.idl" />
    <Midl Include="Project.idl" />
  </ItemGroup>
  <ItemGroup>
    <ClCompile Include="pch.cpp" />
    <ClCompile Include="$(SharedContentDir)\cppwinrt\App.cpp" />
    <ClCompile Include="$(SharedContentDir)\cppwinrt\MainPage.cpp" />
    <ClCompile Include="$(GeneratedFilesDir)module.g.cpp" />
    <ClCompile Include="SampleConfiguration.cpp" />
    <ClCompile Include="Scenario1_FindUsers.cpp" />
    <ClCompile Include="Scenario2_WatchUsers.cpp" />
    <ClCompile Include="UserViewModel.cpp" />
    <ClCompile Include="$(GeneratedFilesDir)module.g.cpp">
      <Filter>Generated Files</Filter>
    </ClCompile>
    <ClCompile Include="UserViewModel.cpp" />
  </ItemGroup>
  <ItemGroup>
    <ClInclude Include="pch.h" />
    <ClInclude Include="$(SharedContentDir)\cppwinrt\App.h" />
    <ClInclude Include="$(SharedContentDir)\cppwinrt\MainPage.h" />
    <ClInclude Include="SampleConfiguration.h" />
    <ClInclude Include="Scenario1_FindUsers.h" />
    <ClInclude Include="Scenario2_WatchUsers.h" />
    <ClInclude Include="UserViewModel.h" />
    <ClInclude Include="UserViewModel.h" />
  </ItemGroup>
  <ItemGroup>
    <Image Include="$(SharedContentDir)\media\microsoft-sdk.png">
      <Filter>Assets</Filter>
    </Image>
    <Image Include="$(SharedContentDir)\media\smalltile-sdk.png">
      <Filter>Assets</Filter>
    </Image>
    <Image Include="$(SharedContentDir)\media\splash-sdk.png">
      <Filter>Assets</Filter>
    </Image>
    <Image Include="$(SharedContentDir)\media\squaretile-sdk.png">
      <Filter>Assets</Filter>
    </Image>
    <Image Include="$(SharedContentDir)\media\storelogo-sdk.png">
      <Filter>Assets</Filter>
    </Image>
    <Image Include="$(SharedContentDir)\media\tile-sdk.png">
      <Filter>Assets</Filter>
    </Image>
    <Image Include="$(SharedContentDir)\media\windows-sdk.png">
      <Filter>Assets</Filter>
    </Image>
  </ItemGroup>
  <ItemGroup>
    <AppxManifest Include="Package.appxmanifest" />
  </ItemGroup>
  <ItemGroup>
    <None Include="UserInfoCppWinRt_TemporaryKey.pfx" />
    <None Include="packages.config" />
  </ItemGroup>
  <ItemGroup>
    <Filter Include="Assets">
      <UniqueIdentifier>{e48dc53e-40b1-40cb-970a-f89935452892}</UniqueIdentifier>
      <Extensions>bmp;fbx;gif;jpg;jpeg;tga;tiff;tif;png</Extensions>
    </Filter>
    <Filter Include="Styles">
      <UniqueIdentifier>{b4a49433-d8c4-482a-b465-8b4384fef306}</UniqueIdentifier>
    </Filter>
  </ItemGroup>
  <ItemGroup>
    <Text Include="readme.txt" />
  </ItemGroup>
</Project>